
Microsoft Visual Studio Solution File, Format Version 12.00
# Visual Studio Version 17
VisualStudioVersion = 17.10.34916.146
MinimumVisualStudioVersion = 10.0.40219.1
Project("{FAE04EC0-301F-11D3-BF4B-00C04F79EFBC}") = "WebApplication1", "WebApplication1\WebApplication1.csproj", "{EAFEE917-CB43-4AB5-AC92-B8C6EF992235}"
EndProject
Global
	GlobalSection(SolutionConfigurationPlatforms) = preSolution
		Debug|Any CPU = Debug|Any CPU
		Release|Any CPU = Release|Any CPU
	EndGlobalSection
	GlobalSection(ProjectConfigurationPlatforms) = postSolution
		{EAFEE917-CB43-4AB5-AC92-B8C6EF992235}.Debug|Any CPU.ActiveCfg = Debug|Any CPU
		{EAFEE917-CB43-4AB5-AC92-B8C6EF992235}.Debug|Any CPU.Build.0 = Debug|Any CPU
		{EAFEE917-CB43-4AB5-AC92-B8C6EF992235}.Release|Any CPU.ActiveCfg = Release|Any CPU
		{EAFEE917-CB43-4AB5-AC92-B8C6EF992235}.Release|Any CPU.Build.0 = Release|Any CPU
	EndGlobalSection
	GlobalSection(SolutionProperties) = preSolution
		HideSolutionNode = FALSE
	EndGlobalSection
	GlobalSection(ExtensibilityGlobals) = postSolution
		SolutionGuid = {BCD902A9-AEF8-47E0-A673-4D03FC9FF4BA}
	EndGlobalSection
EndGlobal
